
Microsoft Visual Studio Solution File, Format Version 12.00
# Visual Studio 15
VisualStudioVersion = 15.0.27703.2018
MinimumVisualStudioVersion = 10.0.40219.1
Project("{FAE04EC0-301F-11D3-BF4B-00C04F79EFBC}") = "PromotionEngine", "PromotionEngine\PromotionEngine.csproj", "{4B8FCA71-F25E-47F4-B2B1-9280C7A8837B}"
EndProject
Global
	GlobalSection(SolutionConfigurationPlatforms) = preSolution
		Debug|Any CPU = Debug|Any CPU
		Release|Any CPU = Release|Any CPU
	EndGlobalSection
	GlobalSection(ProjectConfigurationPlatforms) = postSolution
		{4B8FCA71-F25E-47F4-B2B1-9280C7A8837B}.Debug|Any CPU.ActiveCfg = Debug|Any CPU
		{4B8FCA71-F25E-47F4-B2B1-9280C7A8837B}.Debug|Any CPU.Build.0 = Debug|Any CPU
		{4B8FCA71-F25E-47F4-B2B1-9280C7A8837B}.Release|Any CPU.ActiveCfg = Release|Any CPU
		{4B8FCA71-F25E-47F4-B2B1-9280C7A8837B}.Release|Any CPU.Build.0 = Release|Any CPU
	EndGlobalSection
	GlobalSection(SolutionProperties) = preSolution
		HideSolutionNode = FALSE
	EndGlobalSection
	GlobalSection(ExtensibilityGlobals) = postSolution
		SolutionGuid = {21996A53-723E-43C0-AFCD-82FA691F8861}
	EndGlobalSection
EndGlobal
